
Microsoft Visual Studio Solution File, Format Version 12.00
# Visual Studio Version 16
VisualStudioVersion = 16.0.31624.102
MinimumVisualStudioVersion = 10.0.40219.1
Project("{8BC9CEB8-8B4A-11D0-8D11-00A0C91BC942}") = "toolchain_sample_project", "toolchain_sample_project.vcxproj", "{2C34A746-89A3-43FB-9993-BC19F331131E}"
EndProject
Global
	GlobalSection(SolutionConfigurationPlatforms) = preSolution
		Debug|x64 = Debug|x64
		Debug|x86 = Debug|x86
		Pylon_4_0_1|x64 = Pylon_4_0_1|x64
		Pylon_4_0_1|x86 = Pylon_4_0_1|x86
		Pylon_4_0_2|x64 = Pylon_4_0_2|x64
		Pylon_4_0_2|x86 = Pylon_4_0_2|x86
		Pylon_4_2_2|x64 = Pylon_4_2_2|x64
		Pylon_4_2_2|x86 = Pylon_4_2_2|x86
		Pylon_5_0_0|x64 = Pylon_5_0_0|x64
		Pylon_5_0_0|x86 = Pylon_5_0_0|x86
		Pylon_5_0_11|x64 = Pylon_5_0_11|x64
		Pylon_5_0_11|x86 = Pylon_5_0_11|x86
		Pylon_5_0_12|x64 = Pylon_5_0_12|x64
		Pylon_5_0_12|x86 = Pylon_5_0_12|x86
		Pylon_5_0_9|x64 = Pylon_5_0_9|x64
		Pylon_5_0_9|x86 = Pylon_5_0_9|x86
		Pylon_5_1|x64 = Pylon_5_1|x64
		Pylon_5_1|x86 = Pylon_5_1|x86
		Pylon_5_2|x64 = Pylon_5_2|x64
		Pylon_5_2|x86 = Pylon_5_2|x86
		Pylon_6_0_1|x64 = Pylon_6_0_1|x64
		Pylon_6_0_1|x86 = Pylon_6_0_1|x86
		Pylon_6_0|x64 = Pylon_6_0|x64
		Pylon_6_0|x86 = Pylon_6_0|x86
		Pylon_6_1_0|x64 = Pylon_6_1_0|x64
		Pylon_6_1_0|x86 = Pylon_6_1_0|x86
		Pylon_6_1_1|x64 = Pylon_6_1_1|x64
		Pylon_6_1_1|x86 = Pylon_6_1_1|x86
		Pylon_6_2_0|x64 = Pylon_6_2_0|x64
		Pylon_6_2_0|x86 = Pylon_6_2_0|x86
		Pylon_6_2_1|x64 = Pylon_6_2_1|x64
		Pylon_6_2_1|x86 = Pylon_6_2_1|x86
		Pylon_6_3_0|x64 = Pylon_6_3_0|x64
		Pylon_6_3_0|x86 = Pylon_6_3_0|x86
		Pylon_Installed|x64 = Pylon_Installed|x64
		Pylon_Installed|x86 = Pylon_Installed|x86
	EndGlobalSection
	GlobalSection(ProjectConfigurationPlatforms) = postSolution
		{2C34A746-89A3-43FB-9993-BC19F331131E}.Debug|x64.ActiveCfg = Debug|x64
		{2C34A746-89A3-43FB-9993-BC19F331131E}.Debug|x64.Build.0 = Debug|x64
		{2C34A746-89A3-43FB-9993-BC19F331131E}.Debug|x86.ActiveCfg = Debug|Win32
		{2C34A746-89A3-43FB-9993-BC19F331131E}.Debug|x86.Build.0 = Debug|Win32
		{2C34A746-89A3-43FB-9993-BC19F331131E}.Pylon_4_0_1|x64.ActiveCfg = Pylon_4_0_1|x64
		{2C34A746-89A3-43FB-9993-BC19F331131E}.Pylon_4_0_1|x64.Build.0 = Pylon_4_0_1|x64
		{2C34A746-89A3-43FB-9993-BC19F331131E}.Pylon_4_0_1|x86.ActiveCfg = Pylon_4_0_1|Win32
		{2C34A746-89A3-43FB-9993-BC19F331131E}.Pylon_4_0_1|x86.Build.0 = Pylon_4_0_1|Win32
		{2C34A746-89A3-43FB-9993-BC19F331131E}.Pylon_4_0_2|x64.ActiveCfg = Pylon_4_0_2|x64
		{2C34A746-89A3-43FB-9993-BC19F331131E}.Pylon_4_0_2|x64.Build.0 = Pylon_4_0_2|x64
		{2C34A746-89A3-43FB-9993-BC19F331131E}.Pylon_4_0_2|x86.ActiveCfg = Pylon_4_0_2|Win32
		{2C34A746-89A3-43FB-9993-BC19F331131E}.Pylon_4_0_2|x86.Build.0 = Pylon_4_0_2|Win32
		{2C34A746-89A3-43FB-9993-BC19F331131E}.Pylon_4_2_2|x64.ActiveCfg = Pylon_4_2_2|x64
		{2C34A746-89A3-43FB-9993-BC19F331131E}.Pylon_4_2_2|x64.Build.0 = Pylon_4_2_2|x64
		{2C34A746-89A3-43FB-9993-BC19F331131E}.Pylon_4_2_2|x86.ActiveCfg = Pylon_4_2_2|Win32
		{2C34A746-89A3-43FB-9993-BC19F331131E}.Pylon_4_2_2|x86.Build.0 = Pylon_4_2_2|Win32
		{2C34A746-89A3-43FB-9993-BC19F331131E}.Pylon_5_0_0|x64.ActiveCfg = Pylon_5_0_0|x64
		{2C34A746-89A3-43FB-9993-BC19F331131E}.Pylon_5_0_0|x64.Build.0 = Pylon_5_0_0|x64
		{2C34A746-89A3-43FB-9993-BC19F331131E}.Pylon_5_0_0|x86.ActiveCfg = Pylon_5_0_0|Win32
		{2C34A746-89A3-43FB-9993-BC19F331131E}.Pylon_5_0_0|x86.Build.0 = Pylon_5_0_0|Win32
		{2C34A746-89A3-43FB-9993-BC19F331131E}.Pylon_5_0_11|x64.ActiveCfg = Pylon_5_0_11|x64
		{2C34A746-89A3-43FB-9993-BC19F331131E}.Pylon_5_0_11|x64.Build.0 = Pylon_5_0_11|x64
		{2C34A746-89A3-43FB-9993-BC19F331131E}.Pylon_5_0_11|x86.ActiveCfg = Pylon_5_0_11|Win32
		{2C34A746-89A3-43FB-9993-BC19F331131E}.Pylon_5_0_11|x86.Build.0 = Pylon_5_0_11|Win32
		{2C34A746-89A3-43FB-9993-BC19F331131E}.Pylon_5_0_12|x64.ActiveCfg = Pylon_5_0_12|x64
		{2C34A746-89A3-43FB-9993-BC19F331131E}.Pylon_5_0_12|x64.Build.0 = Pylon_5_0_12|x64
		{2C34A746-89A3-43FB-9993-BC19F331131E}.Pylon_5_0_12|x86.ActiveCfg = Pylon_5_0_12|Win32
		{2C34A746-89A3-43FB-9993-BC19F331131E}.Pylon_5_0_12|x86.Build.0 = Pylon_5_0_12|Win32
		{2C34A746-89A3-43FB-9993-BC19F331131E}.Pylon_5_0_9|x64.ActiveCfg = Pylon_5_0_9|x64
		{2C34A746-89A3-43FB-9993-BC19F331131E}.Pylon_5_0_9|x64.Build.0 = Pylon_5_0_9|x64
		{2C34A746-89A3-43FB-9993-BC19F331131E}.Pylon_5_0_9|x86.ActiveCfg = Pylon_5_0_9|Win32
		{2C34A746-89A3-43FB-9993-BC19F331131E}.Pylon_5_0_9|x86.Build.0 = Pylon_5_0_9|Win32
		{2C34A746-89A3-43FB-9993-BC19F331131E}.Pylon_5_1|x64.ActiveCfg = Pylon_5_1|x64
		{2C34A746-89A3-43FB-9993-BC19F331131E}.Pylon_5_1|x64.Build.0 = Pylon_5_1|x64
		{2C34A746-89A3-43FB-9993-BC19F331131E}.Pylon_5_1|x86.ActiveCfg = Pylon_5_1|Win32
		{2C34A746-89A3-43FB-9993-BC19F331131E}.Pylon_5_1|x86.Build.0 = Pylon_5_1|Win32
		{2C34A746-89A3-43FB-9993-BC19F331131E}.Pylon_5_2|x64.ActiveCfg = Pylon_5_2|x64
		{2C34A746-89A3-43FB-9993-BC19F331131E}.Pylon_5_2|x64.Build.0 = Pylon_5_2|x64
		{2C34A746-89A3-43FB-9993-BC19F331131E}.Pylon_5_2|x86.ActiveCfg = Pylon_5_2|Win32
		{2C34A746-89A3-43FB-9993-BC19F331131E}.Pylon_5_2|x86.Build.0 = Pylon_5_2|Win32
		{2C34A746-89A3-43FB-9993-BC19F331131E}.Pylon_6_0_1|x64.ActiveCfg = Pylon_6_0_1|x64
		{2C34A746-89A3-43FB-9993-BC19F331131E}.Pylon_6_0_1|x64.Build.0 = Pylon_6_0_1|x64
		{2C34A746-89A3-43FB-9993-BC19F331131E}.Pylon_6_0_1|x86.ActiveCfg = Pylon_6_0_1|Win32
		{2C34A746-89A3-43FB-9993-BC19F331131E}.Pylon_6_0_1|x86.Build.0 = Pylon_6_0_1|Win32
		{2C34A746-89A3-43FB-9993-BC19F331131E}.Pylon_6_0|x64.ActiveCfg = Pylon_6_0|x64
		{2C34A746-89A3-43FB-9993-BC19F331131E}.Pylon_6_0|x64.Build.0 = Pylon_6_0|x64
		{2C34A746-89A3-43FB-9993-BC19F331131E}.Pylon_6_0|x86.ActiveCfg = Pylon_6_0|Win32
		{2C34A746-89A3-43FB-9993-BC19F331131E}.Pylon_6_0|x86.Build.0 = Pylon_6_0|Win32
		{2C34A746-89A3-43FB-9993-BC19F331131E}.Pylon_6_1_0|x64.ActiveCfg = Pylon_6_1_0|x64
		{2C34A746-89A3-43FB-9993-BC19F331131E}.Pylon_6_1_0|x64.Build.0 = Pylon_6_1_0|x64
		{2C34A746-89A3-43FB-9993-BC19F331131E}.Pylon_6_1_0|x86.ActiveCfg = Pylon_6_1_0|Win32
		{2C34A746-89A3-43FB-9993-BC19F331131E}.Pylon_6_1_0|x86.Build.0 = Pylon_6_1_0|Win32
		{2C34A746-89A3-43FB-9993-BC19F331131E}.Pylon_6_1_1|x64.ActiveCfg = Pylon_6_1_1|x64
		{2C34A746-89A3-43FB-9993-BC19F331131E}.Pylon_6_1_1|x64.Build.0 = Pylon_6_1_1|x64
		{2C34A746-89A3-43FB-9993-BC19F331131E}.Pylon_6_1_1|x86.ActiveCfg = Pylon_6_1_1|Win32
		{2C34A746-89A3-43FB-9993-BC19F331131E}.Pylon_6_1_1|x86.Build.0 = Pylon_6_1_1|Win32
		{2C34A746-89A3-43FB-9993-BC19F331131E}.Pylon_6_2_0|x64.ActiveCfg = Pylon_6_2_0|x64
		{2C34A746-89A3-43FB-9993-BC19F331131E}.Pylon_6_2_0|x64.Build.0 = Pylon_6_2_0|x64
		{2C34A746-89A3-43FB-9993-BC19F331131E}.Pylon_6_2_0|x86.ActiveCfg = Pylon_6_2_0|Win32
		{2C34A746-89A3-43FB-9993-BC19F331131E}.Pylon_6_2_0|x86.Build.0 = Pylon_6_2_0|Win32
		{2C34A746-89A3-43FB-9993-BC19F331131E}.Pylon_6_2_1|x64.ActiveCfg = Pylon_6_2_1|x64
		{2C34A746-89A3-43FB-9993-BC19F331131E}.Pylon_6_2_1|x64.Build.0 = Pylon_6_2_1|x64
		{2C34A746-89A3-43FB-9993-BC19F331131E}.Pylon_6_2_1|x86.ActiveCfg = Pylon_6_2_1|Win32
		{2C34A746-89A3-43FB-9993-BC19F331131E}.Pylon_6_2_1|x86.Build.0 = Pylon_6_2_1|Win32
		{2C34A746-89A3-43FB-9993-BC19F331131E}.Pylon_6_3_0|x64.ActiveCfg = Pylon_6_3_0|x64
		{2C34A746-89A3-43FB-9993-BC19F331131E}.Pylon_6_3_0|x64.Build.0 = Pylon_6_3_0|x64
		{2C34A746-89A3-43FB-9993-BC19F331131E}.Pylon_6_3_0|x86.ActiveCfg = Pylon_6_3_0|Win32
		{2C34A746-89A3-43FB-9993-BC19F331131E}.Pylon_6_3_0|x86.Build.0 = Pylon_6_3_0|Win32
		{2C34A746-89A3-43FB-9993-BC19F331131E}.Pylon_Installed|x64.ActiveCfg = Pylon_Installed|x64
		{2C34A746-89A3-43FB-9993-BC19F331131E}.Pylon_Installed|x64.Build.0 = Pylon_Installed|x64
		{2C34A746-89A3-43FB-9993-BC19F331131E}.Pylon_Installed|x86.ActiveCfg = Pylon_Installed|Win32
		{2C34A746-89A3-43FB-9993-BC19F331131E}.Pylon_Installed|x86.Build.0 = Pylon_Installed|Win32
	EndGlobalSection
	GlobalSection(SolutionProperties) = preSolution
		HideSolutionNode = FALSE
	EndGlobalSection
	GlobalSection(ExtensibilityGlobals) = postSolution
		SolutionGuid = {936530C7-ED85-4D4A-93D6-BA049483BF46}
	EndGlobalSection
EndGlobal
